// !$*UTF8*$!
{
	archiveVersion = 1;
	classes = {
	};
	objectVersion = 51;
	objects = {

/* Begin PBXBuildFile section */
		464ABEA125EF534F0015155B /* AppDelegate.swift in Sources */ = {isa = PBXBuildFile; fileRef = 464ABEA025EF534F0015155B /* AppDelegate.swift */; };
		464ABEA325EF534F0015155B /* SceneDelegate.swift in Sources */ = {isa = PBXBuildFile; fileRef = 464ABEA225EF534F0015155B /* SceneDelegate.swift */; };
		464ABEAA25EF53520015155B /* Assets.xcassets in Resources */ = {isa = PBXBuildFile; fileRef = 464ABEA925EF53520015155B /* Assets.xcassets */; };
		464ABEAD25EF53520015155B /* LaunchScreen.storyboard in Resources */ = {isa = PBXBuildFile; fileRef = 464ABEAB25EF53520015155B /* LaunchScreen.storyboard */; };
		464ABEB625EF55050015155B /* HomeController.swift in Sources */ = {isa = PBXBuildFile; fileRef = 464ABEB525EF55050015155B /* HomeController.swift */; };
		464ABEC025EF694B0015155B /* HomeDatasourceController.swift in Sources */ = {isa = PBXBuildFile; fileRef = 464ABEBF25EF694B0015155B /* HomeDatasourceController.swift */; };
		464ABEC425EF71BA0015155B /* Cells.swift in Sources */ = {isa = PBXBuildFile; fileRef = 464ABEC325EF71BA0015155B /* Cells.swift */; };
		464ABECA25EF71DE0015155B /* HomeDatasource.swift in Sources */ = {isa = PBXBuildFile; fileRef = 464ABEC925EF71DE0015155B /* HomeDatasource.swift */; };
		982CC31DBED0C00D80D7436B /* Pods_TwitterLBT.framework in Frameworks */ = {isa = PBXBuildFile; fileRef = C94CE5517BEEF0FE9DC10401 /* Pods_TwitterLBT.framework */; };
/* End PBXBuildFile section */

/* Begin PBXFileReference section */
		17CEA53DE98EE04EAAC89D2B /* Pods-TwitterLBT.debug.xcconfig */ = {isa = PBXFileReference; includeInIndex = 1; lastKnownFileType = text.xcconfig; name = "Pods-TwitterLBT.debug.xcconfig"; path = "Target Support Files/Pods-TwitterLBT/Pods-TwitterLBT.debug.xcconfig"; sourceTree = "<group>"; };
		464ABE9D25EF534F0015155B /* TwitterLBT.app */ = {isa = PBXFileReference; explicitFileType = wrapper.application; includeInIndex = 0; path = TwitterLBT.app; sourceTree = BUILT_PRODUCTS_DIR; };
		464ABEA025EF534F0015155B /* AppDelegate.swift */ = {isa = PBXFileReference; lastKnownFileType = sourcecode.swift; path = AppDelegate.swift; sourceTree = "<group>"; };
		464ABEA225EF534F0015155B /* SceneDelegate.swift */ = {isa = PBXFileReference; lastKnownFileType = sourcecode.swift; path = SceneDelegate.swift; sourceTree = "<group>"; };
		464ABEA925EF53520015155B /* Assets.xcassets */ = {isa = PBXFileReference; lastKnownFileType = folder.assetcatalog; path = Assets.xcassets; sourceTree = "<group>"; };
		464ABEAC25EF53520015155B /* Base */ = {isa = PBXFileReference; lastKnownFileType = file.storyboard; name = Base; path = Base.lproj/LaunchScreen.storyboard; sourceTree = "<group>"; };
		464ABEAE25EF53520015155B /* Info.plist */ = {isa = PBXFileReference; lastKnownFileType = text.plist.xml; path = Info.plist; sourceTree = "<group>"; };
		464ABEB525EF55050015155B /* HomeController.swift */ = {isa = PBXFileReference; lastKnownFileType = sourcecode.swift; path = HomeController.swift; sourceTree = "<group>"; };
		464ABEBF25EF694B0015155B /* HomeDatasourceController.swift */ = {isa = PBXFileReference; lastKnownFileType = sourcecode.swift; path = HomeDatasourceController.swift; sourceTree = "<group>"; };
		464ABEC325EF71BA0015155B /* Cells.swift */ = {isa = PBXFileReference; lastKnownFileType = sourcecode.swift; path = Cells.swift; sourceTree = "<group>"; };
		464ABEC925EF71DE0015155B /* HomeDatasource.swift */ = {isa = PBXFileReference; lastKnownFileType = sourcecode.swift; path = HomeDatasource.swift; sourceTree = "<group>"; };
		C94CE5517BEEF0FE9DC10401 /* Pods_TwitterLBT.framework */ = {isa = PBXFileReference; explicitFileType = wrapper.framework; includeInIndex = 0; path = Pods_TwitterLBT.framework; sourceTree = BUILT_PRODUCTS_DIR; };
		E1A9E95CB28153F1F28CA9F3 /* Pods-TwitterLBT.release.xcconfig */ = {isa = PBXFileReference; includeInIndex = 1; lastKnownFileType = text.xcconfig; name = "Pods-TwitterLBT.release.xcconfig"; path = "Target Support Files/Pods-TwitterLBT/Pods-TwitterLBT.release.xcconfig"; sourceTree = "<group>"; };
/* End PBXFileReference section */

/* Begin PBXFrameworksBuildPhase section */
		464ABE9A25EF534F0015155B /* Frameworks */ = {
			isa = PBXFrameworksBuildPhase;
			buildActionMask = 2147483647;
			files = (
				982CC31DBED0C00D80D7436B /* Pods_TwitterLBT.framework in Frameworks */,
			);
			runOnlyForDeploymentPostprocessing = 0;
		};
/* End PBXFrameworksBuildPhase section */

/* Begin PBXGroup section */
		464ABE9425EF534F0015155B = {
			isa = PBXGroup;
			children = (
				464ABE9F25EF534F0015155B /* TwitterLBT */,
				464ABE9E25EF534F0015155B /* Products */,
				C41AAF72CF19CF851FCE9F27 /* Pods */,
				EB4955ABE574D2A1A276FB65 /* Frameworks */,
			);
			sourceTree = "<group>";
		};
		464ABE9E25EF534F0015155B /* Products */ = {
			isa = PBXGroup;
			children = (
				464ABE9D25EF534F0015155B /* TwitterLBT.app */,
			);
			name = Products;
			sourceTree = "<group>";
		};
		464ABE9F25EF534F0015155B /* TwitterLBT */ = {
			isa = PBXGroup;
			children = (
				464ABEC825EF71C60015155B /* Controller */,
				464ABEC725EF71C10015155B /* Model */,
				464ABEC225EF71A70015155B /* View */,
				464ABEB525EF55050015155B /* HomeController.swift */,
				464ABEA025EF534F0015155B /* AppDelegate.swift */,
				464ABEA225EF534F0015155B /* SceneDelegate.swift */,
				464ABEA925EF53520015155B /* Assets.xcassets */,
				464ABEAB25EF53520015155B /* LaunchScreen.storyboard */,
				464ABEAE25EF53520015155B /* Info.plist */,
			);
			path = TwitterLBT;
			sourceTree = "<group>";
		};
		464ABEC225EF71A70015155B /* View */ = {
			isa = PBXGroup;
			children = (
				464ABEC325EF71BA0015155B /* Cells.swift */,
			);
			path = View;
			sourceTree = "<group>";
		};
		464ABEC725EF71C10015155B /* Model */ = {
			isa = PBXGroup;
			children = (
				464ABEC925EF71DE0015155B /* HomeDatasource.swift */,
			);
			path = Model;
			sourceTree = "<group>";
		};
		464ABEC825EF71C60015155B /* Controller */ = {
			isa = PBXGroup;
			children = (
				464ABEBF25EF694B0015155B /* HomeDatasourceController.swift */,
			);
			path = Controller;
			sourceTree = "<group>";
		};
		C41AAF72CF19CF851FCE9F27 /* Pods */ = {
			isa = PBXGroup;
			children = (
				17CEA53DE98EE04EAAC89D2B /* Pods-TwitterLBT.debug.xcconfig */,
				E1A9E95CB28153F1F28CA9F3 /* Pods-TwitterLBT.release.xcconfig */,
			);
			path = Pods;
			sourceTree = "<group>";
		};
		EB4955ABE574D2A1A276FB65 /* Frameworks */ = {
			isa = PBXGroup;
			children = (
				C94CE5517BEEF0FE9DC10401 /* Pods_TwitterLBT.framework */,
			);
			name = Frameworks;
			sourceTree = "<group>";
		};
/* End PBXGroup section */

/* Begin PBXNativeTarget section */
		464ABE9C25EF534F0015155B /* TwitterLBT */ = {
			isa = PBXNativeTarget;
			buildConfigurationList = 464ABEB125EF53520015155B /* Build configuration list for PBXNativeTarget "TwitterLBT" */;
			buildPhases = (
				1FF87DCD4888CAC16AF4F3C1 /* [CP] Check Pods Manifest.lock */,
				464ABE9925EF534F0015155B /* Sources */,
				464ABE9A25EF534F0015155B /* Frameworks */,
				464ABE9B25EF534F0015155B /* Resources */,
				8D421AFBE2BB5B857E1C7C12 /* [CP] Embed Pods Frameworks */,
			);
			buildRules = (
			);
			dependencies = (
			);
			name = TwitterLBT;
			productName = TwitterLBT;
			productReference = 464ABE9D25EF534F0015155B /* TwitterLBT.app */;
			productType = "com.apple.product-type.application";
		};
/* End PBXNativeTarget section */

/* Begin PBXProject section */
		464ABE9525EF534F0015155B /* Project object */ = {
			isa = PBXProject;
			attributes = {
				LastSwiftUpdateCheck = 1240;
				LastUpgradeCheck = 1240;
				TargetAttributes = {
					464ABE9C25EF534F0015155B = {
						CreatedOnToolsVersion = 12.4;
					};
				};
			};
			buildConfigurationList = 464ABE9825EF534F0015155B /* Build configuration list for PBXProject "TwitterLBT" */;
			compatibilityVersion = "Xcode 9.3";
			developmentRegion = en;
			hasScannedForEncodings = 0;
			knownRegions = (
				en,
				Base,
			);
			mainGroup = 464ABE9425EF534F0015155B;
			productRefGroup = 464ABE9E25EF534F0015155B /* Products */;
			projectDirPath = "";
			projectRoot = "";
			targets = (
				464ABE9C25EF534F0015155B /* TwitterLBT */,
			);
		};
/* End PBXProject section */

/* Begin PBXResourcesBuildPhase section */
		464ABE9B25EF534F0015155B /* Resources */ = {
			isa = PBXResourcesBuildPhase;
			buildActionMask = 2147483647;
			files = (
				464ABEAD25EF53520015155B /* LaunchScreen.storyboard in Resources */,
				464ABEAA25EF53520015155B /* Assets.xcassets in Resources */,
			);
			runOnlyForDeploymentPostprocessing = 0;
		};
/* End PBXResourcesBuildPhase section */

/* Begin PBXShellScriptBuildPhase section */
		1FF87DCD4888CAC16AF4F3C1 /* [CP] Check Pods Manifest.lock */ = {
			isa = PBXShellScriptBuildPhase;
			buildActionMask = 2147483647;
			files = (
			);
			inputFileListPaths = (
			);
			inputPaths = (
				"${PODS_PODFILE_DIR_PATH}/Podfile.lock",
				"${PODS_ROOT}/Manifest.lock",
			);
			name = "[CP] Check Pods Manifest.lock";
			outputFileListPaths = (
			);
			outputPaths = (
				"$(DERIVED_FILE_DIR)/Pods-TwitterLBT-checkManifestLockResult.txt",
			);
			runOnlyForDeploymentPostprocessing = 0;
			shellPath = /bin/sh;
			shellScript = "diff \"${PODS_PODFILE_DIR_PATH}/Podfile.lock\" \"${PODS_ROOT}/Manifest.lock\" > /dev/null\nif [ $? != 0 ] ; then\n    # print error to STDERR\n    echo \"error: The sandbox is not in sync with the Podfile.lock. Run 'pod install' or update your CocoaPods installation.\" >&2\n    exit 1\nfi\n# This output is used by Xcode 'outputs' to avoid re-running this script phase.\necho \"SUCCESS\" > \"${SCRIPT_OUTPUT_FILE_0}\"\n";
			showEnvVarsInLog = 0;
		};
		8D421AFBE2BB5B857E1C7C12 /* [CP] Embed Pods Frameworks */ = {
			isa = PBXShellScriptBuildPhase;
			buildActionMask = 2147483647;
			files = (
			);
			inputFileListPaths = (
				"${PODS_ROOT}/Target Support Files/Pods-TwitterLBT/Pods-TwitterLBT-frameworks-${CONFIGURATION}-input-files.xcfilelist",
			);
			name = "[CP] Embed Pods Frameworks";
			outputFileListPaths = (
				"${PODS_ROOT}/Target Support Files/Pods-TwitterLBT/Pods-TwitterLBT-frameworks-${CONFIGURATION}-output-files.xcfilelist",
			);
			runOnlyForDeploymentPostprocessing = 0;
			shellPath = /bin/sh;
			shellScript = "\"${PODS_ROOT}/Target Support Files/Pods-TwitterLBT/Pods-TwitterLBT-frameworks.sh\"\n";
			showEnvVarsInLog = 0;
		};
/* End PBXShellScriptBuildPhase section */

/* Begin PBXSourcesBuildPhase section */
		464ABE9925EF534F0015155B /* Sources */ = {
			isa = PBXSourcesBuildPhase;
			buildActionMask = 2147483647;
			files = (
				464ABEB625EF55050015155B /* HomeController.swift in Sources */,
				464ABECA25EF71DE0015155B /* HomeDatasource.swift in Sources */,
				464ABEC025EF694B0015155B /* HomeDatasourceController.swift in Sources */,
				464ABEA125EF534F0015155B /* AppDelegate.swift in Sources */,
				464ABEA325EF534F0015155B /* SceneDelegate.swift in Sources */,
				464ABEC425EF71BA0015155B /* Cells.swift in Sources */,
			);
			runOnlyForDeploymentPostprocessing = 0;
		};
/* End PBXSourcesBuildPhase section */

/* Begin PBXVariantGroup section */
		464ABEAB25EF53520015155B /* LaunchScreen.storyboard */ = {
			isa = PBXVariantGroup;
			children = (
				464ABEAC25EF53520015155B /* Base */,
			);
			name = LaunchScreen.storyboard;
			sourceTree = "<group>";
		};
/* End PBXVariantGroup section */

/* Begin XCBuildConfiguration section */
		464ABEAF25EF53520015155B /* Debug */ = {
			isa = XCBuildConfiguration;
			buildSettings = {
				ALWAYS_SEARCH_USER_PATHS = NO;
				CLANG_ANALYZER_NONNULL = YES;
				CLANG_ANALYZER_NUMBER_OBJECT_CONVERSION = YES_AGGRESSIVE;
				CLANG_CXX_LANGUAGE_STANDARD = "gnu++14";
				CLANG_CXX_LIBRARY = "libc++";
				CLANG_ENABLE_MODULES = YES;
				CLANG_ENABLE_OBJC_ARC = YES;
				CLANG_ENABLE_OBJC_WEAK = YES;
				CLANG_WARN_BLOCK_CAPTURE_AUTORELEASING = YES;
				CLANG_WARN_BOOL_CONVERSION = YES;
				CLANG_WARN_COMMA = YES;
				CLANG_WARN_CONSTANT_CONVERSION = YES;
				CLANG_WARN_DEPRECATED_OBJC_IMPLEMENTATIONS = YES;
				CLANG_WARN_DIRECT_OBJC_ISA_USAGE = YES_ERROR;
				CLANG_WARN_DOCUMENTATION_COMMENTS = YES;
				CLANG_WARN_EMPTY_BODY = YES;
				CLANG_WARN_ENUM_CONVERSION = YES;
				CLANG_WARN_INFINITE_RECURSION = YES;
				CLANG_WARN_INT_CONVERSION = YES;
				CLANG_WARN_NON_LITERAL_NULL_CONVERSION = YES;
				CLANG_WARN_OBJC_IMPLICIT_RETAIN_SELF = YES;
				CLANG_WARN_OBJC_LITERAL_CONVERSION = YES;
				CLANG_WARN_OBJC_ROOT_CLASS = YES_ERROR;
				CLANG_WARN_QUOTED_INCLUDE_IN_FRAMEWORK_HEADER = YES;
				CLANG_WARN_RANGE_LOOP_ANALYSIS = YES;
				CLANG_WARN_STRICT_PROTOTYPES = YES;
				CLANG_WARN_SUSPICIOUS_MOVE = YES;
				CLANG_WARN_UNGUARDED_AVAILABILITY = YES_AGGRESSIVE;
				CLANG_WARN_UNREACHABLE_CODE = YES;
				CLANG_WARN__DUPLICATE_METHOD_MATCH = YES;
				COPY_PHASE_STRIP = NO;
				DEBUG_INFORMATION_FORMAT = dwarf;
				ENABLE_STRICT_OBJC_MSGSEND = YES;
				ENABLE_TESTABILITY = YES;
				GCC_C_LANGUAGE_STANDARD = gnu11;
				GCC_DYNAMIC_NO_PIC = NO;
				GCC_NO_COMMON_BLOCKS = YES;
				GCC_OPTIMIZATION_LEVEL = 0;
				GCC_PREPROCESSOR_DEFINITIONS = (
					"DEBUG=1",
					"$(inherited)",
				);
				GCC_WARN_64_TO_32_BIT_CONVERSION = YES;
				GCC_WARN_ABOUT_RETURN_TYPE = YES_ERROR;
				GCC_WARN_UNDECLARED_SELECTOR = YES;
				GCC_WARN_UNINITIALIZED_AUTOS = YES_AGGRESSIVE;
				GCC_WARN_UNUSED_FUNCTION = YES;
				GCC_WARN_UNUSED_VARIABLE = YES;
				IPHONEOS_DEPLOYMENT_TARGET = 14.4;
				MTL_ENABLE_DEBUG_INFO = INCLUDE_SOURCE;
				MTL_FAST_MATH = YES;
				ONLY_ACTIVE_ARCH = YES;
				SDKROOT = iphoneos;
				SWIFT_ACTIVE_COMPILATION_CONDITIONS = DEBUG;
				SWIFT_OPTIMIZATION_LEVEL = "-Onone";
			};
			name = Debug;
		};
		464ABEB025EF53520015155B /* Release */ = {
			isa = XCBuildConfiguration;
			buildSettings = {
				ALWAYS_SEARCH_USER_PATHS = NO;
				CLANG_ANALYZER_NONNULL = YES;
				CLANG_ANALYZER_NUMBER_OBJECT_CONVERSION = YES_AGGRESSIVE;
				CLANG_CXX_LANGUAGE_STANDARD = "gnu++14";
				CLANG_CXX_LIBRARY = "libc++";
				CLANG_ENABLE_MODULES = YES;
				CLANG_ENABLE_OBJC_ARC = YES;
				CLANG_ENABLE_OBJC_WEAK = YES;
				CLANG_WARN_BLOCK_CAPTURE_AUTORELEASING = YES;
				CLANG_WARN_BOOL_CONVERSION = YES;
				CLANG_WARN_COMMA = YES;
				CLANG_WARN_CONSTANT_CONVERSION = YES;
				CLANG_WARN_DEPRECATED_OBJC_IMPLEMENTATIONS = YES;
				CLANG_WARN_DIRECT_OBJC_ISA_USAGE = YES_ERROR;
				CLANG_WARN_DOCUMENTATION_COMMENTS = YES;
				CLANG_WARN_EMPTY_BODY = YES;
				CLANG_WARN_ENUM_CONVERSION = YES;
				CLANG_WARN_INFINITE_RECURSION = YES;
				CLANG_WARN_INT_CONVERSION = YES;
				CLANG_WARN_NON_LITERAL_NULL_CONVERSION = YES;
				CLANG_WARN_OBJC_IMPLICIT_RETAIN_SELF = YES;
				CLANG_WARN_OBJC_LITERAL_CONVERSION = YES;
				CLANG_WARN_OBJC_ROOT_CLASS = YES_ERROR;
				CLANG_WARN_QUOTED_INCLUDE_IN_FRAMEWORK_HEADER = YES;
				CLANG_WARN_RANGE_LOOP_ANALYSIS = YES;
				CLANG_WARN_STRICT_PROTOTYPES = YES;
				CLANG_WARN_SUSPICIOUS_MOVE = YES;
				CLANG_WARN_UNGUARDED_AVAILABILITY = YES_AGGRESSIVE;
				CLANG_WARN_UNREACHABLE_CODE = YES;
				CLANG_WARN__DUPLICATE_METHOD_MATCH = YES;
				COPY_PHASE_STRIP = NO;
				DEBUG_INFORMATION_FORMAT = "dwarf-with-dsym";
				ENABLE_NS_ASSERTIONS = NO;
				ENABLE_STRICT_OBJC_MSGSEND = YES;
				GCC_C_LANGUAGE_STANDARD = gnu11;
				GCC_NO_COMMON_BLOCKS = YES;
				GCC_WARN_64_TO_32_BIT_CONVERSION = YES;
				GCC_WARN_ABOUT_RETURN_TYPE = YES_ERROR;
				GCC_WARN_UNDECLARED_SELECTOR = YES;
				GCC_WARN_UNINITIALIZED_AUTOS = YES_AGGRESSIVE;
				GCC_WARN_UNUSED_FUNCTION = YES;
				GCC_WARN_UNUSED_VARIABLE = YES;
				IPHONEOS_DEPLOYMENT_TARGET = 14.4;
				MTL_ENABLE_DEBUG_INFO = NO;
				MTL_FAST_MATH = YES;
				SDKROOT = iphoneos;
				SWIFT_COMPILATION_MODE = wholemodule;
				SWIFT_OPTIMIZATION_LEVEL = "-O";
				VALIDATE_PRODUCT = YES;
			};
			name = Release;
		};
		464ABEB225EF53520015155B /* Debug */ = {
			isa = XCBuildConfiguration;
			baseConfigurationReference = 17CEA53DE98EE04EAAC89D2B /* Pods-TwitterLBT.debug.xcconfig */;
			buildSettings = {
				ASSETCATALOG_COMPILER_APPICON_NAME = AppIcon;
				ASSETCATALOG_COMPILER_GLOBAL_ACCENT_COLOR_NAME = AccentColor;
				CODE_SIGN_STYLE = Automatic;
				DEVELOPMENT_TEAM = TR28HNY8VK;
				INFOPLIST_FILE = TwitterLBT/Info.plist;
				LD_RUNPATH_SEARCH_PATHS = (
					"$(inherited)",
					"@executable_path/Frameworks",
				);
				PRODUCT_BUNDLE_IDENTIFIER = "dev-geeyong484.TwitterLBT";
				PRODUCT_NAME = "$(TARGET_NAME)";
				SWIFT_VERSION = 5.0;
				TARGETED_DEVICE_FAMILY = "1,2";
			};
			name = Debug;
		};
		464ABEB325EF53520015155B /* Release */ = {
			isa = XCBuildConfiguration;
			baseConfigurationReference = E1A9E95CB28153F1F28CA9F3 /* Pods-TwitterLBT.release.xcconfig */;
			buildSettings = {
				ASSETCATALOG_COMPILER_APPICON_NAME = AppIcon;
				ASSETCATALOG_COMPILER_GLOBAL_ACCENT_COLOR_NAME = AccentColor;
				CODE_SIGN_STYLE = Automatic;
				DEVELOPMENT_TEAM = TR28HNY8VK;
				INFOPLIST_FILE = TwitterLBT/Info.plist;
				LD_RUNPATH_SEARCH_PATHS = (
					"$(inherited)",
					"@executable_path/Frameworks",
				);
				PRODUCT_BUNDLE_IDENTIFIER = "dev-geeyong484.TwitterLBT";
				PRODUCT_NAME = "$(TARGET_NAME)";
				SWIFT_VERSION = 5.0;
				TARGETED_DEVICE_FAMILY = "1,2";
			};
			name = Release;
		};
/* End XCBuildConfiguration section */

/* Begin XCConfigurationList section */
		464ABE9825EF534F0015155B /* Build configuration list for PBXProject "TwitterLBT" */ = {
			isa = XCConfigurationList;
			buildConfigurations = (
				464ABEAF25EF53520015155B /* Debug */,
				464ABEB025EF53520015155B /* Release */,
			);
			defaultConfigurationIsVisible = 0;
			defaultConfigurationName = Release;
		};
		464ABEB125EF53520015155B /* Build configuration list for PBXNativeTarget "TwitterLBT" */ = {
			isa = XCConfigurationList;
			buildConfigurations = (
				464ABEB225EF53520015155B /* Debug */,
				464ABEB325EF53520015155B /* Release */,
			);
			defaultConfigurationIsVisible = 0;
			defaultConfigurationName = Release;
		};
/* End XCConfigurationList section */
	};
	rootObject = 464ABE9525EF534F0015155B /* Project object */;
}
